
Microsoft Visual Studio Solution File, Format Version 12.00
# Visual Studio Version 17
VisualStudioVersion = 17.0.31903.59
MinimumVisualStudioVersion = 10.0.40219.1
Project("{2150E333-8FDC-42A3-9474-1A3956D46DE8}") = "Seção8", "Seção8", "{AF2E8A0D-4258-4CB8-9355-44AA09C455F9}"
EndProject
Project("{FAE04EC0-301F-11D3-BF4B-00C04F79EFBC}") = "Enumeracoes", "Seção8\Enumeracoes\Enumeracoes.csproj", "{FBAC6991-6EE2-4BFD-AF8B-A3C423DB5C21}"
EndProject
Project("{2150E333-8FDC-42A3-9474-1A3956D46DE8}") = "Secao8Exercicios", "Secao8Exercicios", "{37BAFA2D-61C5-4C53-BCC8-A3014E77ED75}"
EndProject
Project("{FAE04EC0-301F-11D3-BF4B-00C04F79EFBC}") = "StringBuilderEx", "Seção8\Secao8Exercicios\StringBuilderEx\StringBuilderEx.csproj", "{58EB6ADA-6A6A-45A3-BEBC-84411DE192C3}"
EndProject
Project("{2150E333-8FDC-42A3-9474-1A3956D46DE8}") = "Seção12", "Seção12", "{120A17B9-6763-464E-AAE3-AB019D395F96}"
EndProject
Project("{FAE04EC0-301F-11D3-BF4B-00C04F79EFBC}") = "ShapeEx", "Seção12\ShapeEx\ShapeEx.csproj", "{8E3D2C8D-DFD8-43BB-BBD3-07AC88170EE3}"
EndProject
Project("{FAE04EC0-301F-11D3-BF4B-00C04F79EFBC}") = "ICompaableTest", "Seção12\ICompaableTest\ICompaableTest.csproj", "{F58B8AE9-E9AD-4DBC-983F-192B336F3951}"
EndProject
Global
	GlobalSection(SolutionConfigurationPlatforms) = preSolution
		Debug|Any CPU = Debug|Any CPU
		Release|Any CPU = Release|Any CPU
	EndGlobalSection
	GlobalSection(SolutionProperties) = preSolution
		HideSolutionNode = FALSE
	EndGlobalSection
	GlobalSection(ProjectConfigurationPlatforms) = postSolution
		{FBAC6991-6EE2-4BFD-AF8B-A3C423DB5C21}.Debug|Any CPU.ActiveCfg = Debug|Any CPU
		{FBAC6991-6EE2-4BFD-AF8B-A3C423DB5C21}.Debug|Any CPU.Build.0 = Debug|Any CPU
		{FBAC6991-6EE2-4BFD-AF8B-A3C423DB5C21}.Release|Any CPU.ActiveCfg = Release|Any CPU
		{FBAC6991-6EE2-4BFD-AF8B-A3C423DB5C21}.Release|Any CPU.Build.0 = Release|Any CPU
		{58EB6ADA-6A6A-45A3-BEBC-84411DE192C3}.Debug|Any CPU.ActiveCfg = Debug|Any CPU
		{58EB6ADA-6A6A-45A3-BEBC-84411DE192C3}.Debug|Any CPU.Build.0 = Debug|Any CPU
		{58EB6ADA-6A6A-45A3-BEBC-84411DE192C3}.Release|Any CPU.ActiveCfg = Release|Any CPU
		{58EB6ADA-6A6A-45A3-BEBC-84411DE192C3}.Release|Any CPU.Build.0 = Release|Any CPU
		{8E3D2C8D-DFD8-43BB-BBD3-07AC88170EE3}.Debug|Any CPU.ActiveCfg = Debug|Any CPU
		{8E3D2C8D-DFD8-43BB-BBD3-07AC88170EE3}.Debug|Any CPU.Build.0 = Debug|Any CPU
		{8E3D2C8D-DFD8-43BB-BBD3-07AC88170EE3}.Release|Any CPU.ActiveCfg = Release|Any CPU
		{8E3D2C8D-DFD8-43BB-BBD3-07AC88170EE3}.Release|Any CPU.Build.0 = Release|Any CPU
		{F58B8AE9-E9AD-4DBC-983F-192B336F3951}.Debug|Any CPU.ActiveCfg = Debug|Any CPU
		{F58B8AE9-E9AD-4DBC-983F-192B336F3951}.Debug|Any CPU.Build.0 = Debug|Any CPU
		{F58B8AE9-E9AD-4DBC-983F-192B336F3951}.Release|Any CPU.ActiveCfg = Release|Any CPU
		{F58B8AE9-E9AD-4DBC-983F-192B336F3951}.Release|Any CPU.Build.0 = Release|Any CPU
	EndGlobalSection
	GlobalSection(NestedProjects) = preSolution
		{FBAC6991-6EE2-4BFD-AF8B-A3C423DB5C21} = {AF2E8A0D-4258-4CB8-9355-44AA09C455F9}
		{37BAFA2D-61C5-4C53-BCC8-A3014E77ED75} = {AF2E8A0D-4258-4CB8-9355-44AA09C455F9}
		{58EB6ADA-6A6A-45A3-BEBC-84411DE192C3} = {37BAFA2D-61C5-4C53-BCC8-A3014E77ED75}
		{8E3D2C8D-DFD8-43BB-BBD3-07AC88170EE3} = {120A17B9-6763-464E-AAE3-AB019D395F96}
		{F58B8AE9-E9AD-4DBC-983F-192B336F3951} = {120A17B9-6763-464E-AAE3-AB019D395F96}
	EndGlobalSection
EndGlobal
