
Microsoft Visual Studio Solution File, Format Version 12.00
# Visual Studio Version 17
VisualStudioVersion = 17.5.002.0
MinimumVisualStudioVersion = 10.0.40219.1
Project("{9A19103F-16F7-4668-BE54-9A1E7A4F7556}") = "ExercicioAluno", "ExercicioAluno.csproj", "{597E6D89-E7C0-4B32-A2A4-6428FCCD582C}"
EndProject
Global
	GlobalSection(SolutionConfigurationPlatforms) = preSolution
		Debug|Any CPU = Debug|Any CPU
		Release|Any CPU = Release|Any CPU
	EndGlobalSection
	GlobalSection(ProjectConfigurationPlatforms) = postSolution
		{597E6D89-E7C0-4B32-A2A4-6428FCCD582C}.Debug|Any CPU.ActiveCfg = Debug|Any CPU
		{597E6D89-E7C0-4B32-A2A4-6428FCCD582C}.Debug|Any CPU.Build.0 = Debug|Any CPU
		{597E6D89-E7C0-4B32-A2A4-6428FCCD582C}.Release|Any CPU.ActiveCfg = Release|Any CPU
		{597E6D89-E7C0-4B32-A2A4-6428FCCD582C}.Release|Any CPU.Build.0 = Release|Any CPU
	EndGlobalSection
	GlobalSection(SolutionProperties) = preSolution
		HideSolutionNode = FALSE
	EndGlobalSection
	GlobalSection(ExtensibilityGlobals) = postSolution
		SolutionGuid = {F3ECC938-AA6D-47FE-8CDB-CB79C5A3990E}
	EndGlobalSection
EndGlobal
