
Microsoft Visual Studio Solution File, Format Version 12.00
# Visual Studio Version 17
VisualStudioVersion = 17.5.002.0
MinimumVisualStudioVersion = 10.0.40219.1
Project("{9A19103F-16F7-4668-BE54-9A1E7A4F7556}") = "ExStatic", "ExStatic.csproj", "{2AAF6C28-813D-41C9-9F47-2D2F6A467C18}"
EndProject
Global
	GlobalSection(SolutionConfigurationPlatforms) = preSolution
		Debug|Any CPU = Debug|Any CPU
		Release|Any CPU = Release|Any CPU
	EndGlobalSection
	GlobalSection(ProjectConfigurationPlatforms) = postSolution
		{2AAF6C28-813D-41C9-9F47-2D2F6A467C18}.Debug|Any CPU.ActiveCfg = Debug|Any CPU
		{2AAF6C28-813D-41C9-9F47-2D2F6A467C18}.Debug|Any CPU.Build.0 = Debug|Any CPU
		{2AAF6C28-813D-41C9-9F47-2D2F6A467C18}.Release|Any CPU.ActiveCfg = Release|Any CPU
		{2AAF6C28-813D-41C9-9F47-2D2F6A467C18}.Release|Any CPU.Build.0 = Release|Any CPU
	EndGlobalSection
	GlobalSection(SolutionProperties) = preSolution
		HideSolutionNode = FALSE
	EndGlobalSection
	GlobalSection(ExtensibilityGlobals) = postSolution
		SolutionGuid = {D77674E2-A543-4ABC-902A-A63DD22C6ACC}
	EndGlobalSection
EndGlobal
