
Microsoft Visual Studio Solution File, Format Version 12.00
# Visual Studio Version 17
VisualStudioVersion = 17.5.002.0
MinimumVisualStudioVersion = 10.0.40219.1
Project("{9A19103F-16F7-4668-BE54-9A1E7A4F7556}") = "ICompaableTest", "ICompaableTest.csproj", "{491E5D05-3D00-49BF-BF70-CE48CEEDA5F5}"
EndProject
Global
	GlobalSection(SolutionConfigurationPlatforms) = preSolution
		Debug|Any CPU = Debug|Any CPU
		Release|Any CPU = Release|Any CPU
	EndGlobalSection
	GlobalSection(ProjectConfigurationPlatforms) = postSolution
		{491E5D05-3D00-49BF-BF70-CE48CEEDA5F5}.Debug|Any CPU.ActiveCfg = Debug|Any CPU
		{491E5D05-3D00-49BF-BF70-CE48CEEDA5F5}.Debug|Any CPU.Build.0 = Debug|Any CPU
		{491E5D05-3D00-49BF-BF70-CE48CEEDA5F5}.Release|Any CPU.ActiveCfg = Release|Any CPU
		{491E5D05-3D00-49BF-BF70-CE48CEEDA5F5}.Release|Any CPU.Build.0 = Release|Any CPU
	EndGlobalSection
	GlobalSection(SolutionProperties) = preSolution
		HideSolutionNode = FALSE
	EndGlobalSection
	GlobalSection(ExtensibilityGlobals) = postSolution
		SolutionGuid = {022015E9-BFC1-4A45-816C-F0CC2D9D1F15}
	EndGlobalSection
EndGlobal
