
Microsoft Visual Studio Solution File, Format Version 12.00
# Visual Studio Version 17
VisualStudioVersion = 17.5.002.0
MinimumVisualStudioVersion = 10.0.40219.1
Project("{9A19103F-16F7-4668-BE54-9A1E7A4F7556}") = "Vetores", "Vetores.csproj", "{406A2159-7BEE-44F9-A5E7-60CAFED76FFC}"
EndProject
Global
	GlobalSection(SolutionConfigurationPlatforms) = preSolution
		Debug|Any CPU = Debug|Any CPU
		Release|Any CPU = Release|Any CPU
	EndGlobalSection
	GlobalSection(ProjectConfigurationPlatforms) = postSolution
		{406A2159-7BEE-44F9-A5E7-60CAFED76FFC}.Debug|Any CPU.ActiveCfg = Debug|Any CPU
		{406A2159-7BEE-44F9-A5E7-60CAFED76FFC}.Debug|Any CPU.Build.0 = Debug|Any CPU
		{406A2159-7BEE-44F9-A5E7-60CAFED76FFC}.Release|Any CPU.ActiveCfg = Release|Any CPU
		{406A2159-7BEE-44F9-A5E7-60CAFED76FFC}.Release|Any CPU.Build.0 = Release|Any CPU
	EndGlobalSection
	GlobalSection(SolutionProperties) = preSolution
		HideSolutionNode = FALSE
	EndGlobalSection
	GlobalSection(ExtensibilityGlobals) = postSolution
		SolutionGuid = {30D74764-5BD8-4B85-8CB6-752882E1AC28}
	EndGlobalSection
EndGlobal
