
Microsoft Visual Studio Solution File, Format Version 12.00
# Visual Studio Version 17
VisualStudioVersion = 17.5.002.0
MinimumVisualStudioVersion = 10.0.40219.1
Project("{9A19103F-16F7-4668-BE54-9A1E7A4F7556}") = "ConjuntoOrganizado", "ConjuntoOrganizado.csproj", "{3473A0BA-3A6D-404D-BE41-29A7A655D494}"
EndProject
Project("{FAE04EC0-301F-11D3-BF4B-00C04F79EFBC}") = "Consultoria", "..\Consultoria\Consultoria.csproj", "{53ACEFE5-03AE-4B3A-A6C9-F63DAC6485E9}"
EndProject
Global
	GlobalSection(SolutionConfigurationPlatforms) = preSolution
		Debug|Any CPU = Debug|Any CPU
		Release|Any CPU = Release|Any CPU
	EndGlobalSection
	GlobalSection(ProjectConfigurationPlatforms) = postSolution
		{3473A0BA-3A6D-404D-BE41-29A7A655D494}.Debug|Any CPU.ActiveCfg = Debug|Any CPU
		{3473A0BA-3A6D-404D-BE41-29A7A655D494}.Debug|Any CPU.Build.0 = Debug|Any CPU
		{3473A0BA-3A6D-404D-BE41-29A7A655D494}.Release|Any CPU.ActiveCfg = Release|Any CPU
		{3473A0BA-3A6D-404D-BE41-29A7A655D494}.Release|Any CPU.Build.0 = Release|Any CPU
		{53ACEFE5-03AE-4B3A-A6C9-F63DAC6485E9}.Debug|Any CPU.ActiveCfg = Debug|Any CPU
		{53ACEFE5-03AE-4B3A-A6C9-F63DAC6485E9}.Debug|Any CPU.Build.0 = Debug|Any CPU
		{53ACEFE5-03AE-4B3A-A6C9-F63DAC6485E9}.Release|Any CPU.ActiveCfg = Release|Any CPU
		{53ACEFE5-03AE-4B3A-A6C9-F63DAC6485E9}.Release|Any CPU.Build.0 = Release|Any CPU
	EndGlobalSection
	GlobalSection(SolutionProperties) = preSolution
		HideSolutionNode = FALSE
	EndGlobalSection
	GlobalSection(ExtensibilityGlobals) = postSolution
		SolutionGuid = {324F4A95-1949-45E8-BB2E-5511BCC1920E}
	EndGlobalSection
EndGlobal
