
Microsoft Visual Studio Solution File, Format Version 12.00
# Visual Studio Version 17
VisualStudioVersion = 17.5.002.0
MinimumVisualStudioVersion = 10.0.40219.1
Project("{9A19103F-16F7-4668-BE54-9A1E7A4F7556}") = "StringBuilderEx", "StringBuilderEx.csproj", "{DDD1EF19-4867-42F4-8F0D-16D8810FA43F}"
EndProject
Global
	GlobalSection(SolutionConfigurationPlatforms) = preSolution
		Debug|Any CPU = Debug|Any CPU
		Release|Any CPU = Release|Any CPU
	EndGlobalSection
	GlobalSection(ProjectConfigurationPlatforms) = postSolution
		{DDD1EF19-4867-42F4-8F0D-16D8810FA43F}.Debug|Any CPU.ActiveCfg = Debug|Any CPU
		{DDD1EF19-4867-42F4-8F0D-16D8810FA43F}.Debug|Any CPU.Build.0 = Debug|Any CPU
		{DDD1EF19-4867-42F4-8F0D-16D8810FA43F}.Release|Any CPU.ActiveCfg = Release|Any CPU
		{DDD1EF19-4867-42F4-8F0D-16D8810FA43F}.Release|Any CPU.Build.0 = Release|Any CPU
	EndGlobalSection
	GlobalSection(SolutionProperties) = preSolution
		HideSolutionNode = FALSE
	EndGlobalSection
	GlobalSection(ExtensibilityGlobals) = postSolution
		SolutionGuid = {C91C3D84-3003-467E-9FFE-029603660642}
	EndGlobalSection
EndGlobal
