
Microsoft Visual Studio Solution File, Format Version 12.00
# Visual Studio Version 17
VisualStudioVersion = 17.5.002.0
MinimumVisualStudioVersion = 10.0.40219.1
Project("{9A19103F-16F7-4668-BE54-9A1E7A4F7556}") = "HotelExMetodo2", "HotelExMetodo2.csproj", "{ACA55502-C720-4152-B8CF-8702A46DF96C}"
EndProject
Global
	GlobalSection(SolutionConfigurationPlatforms) = preSolution
		Debug|Any CPU = Debug|Any CPU
		Release|Any CPU = Release|Any CPU
	EndGlobalSection
	GlobalSection(ProjectConfigurationPlatforms) = postSolution
		{ACA55502-C720-4152-B8CF-8702A46DF96C}.Debug|Any CPU.ActiveCfg = Debug|Any CPU
		{ACA55502-C720-4152-B8CF-8702A46DF96C}.Debug|Any CPU.Build.0 = Debug|Any CPU
		{ACA55502-C720-4152-B8CF-8702A46DF96C}.Release|Any CPU.ActiveCfg = Release|Any CPU
		{ACA55502-C720-4152-B8CF-8702A46DF96C}.Release|Any CPU.Build.0 = Release|Any CPU
	EndGlobalSection
	GlobalSection(SolutionProperties) = preSolution
		HideSolutionNode = FALSE
	EndGlobalSection
	GlobalSection(ExtensibilityGlobals) = postSolution
		SolutionGuid = {F4C1C544-83AF-460C-A1C7-A82F98C58839}
	EndGlobalSection
EndGlobal
