
Microsoft Visual Studio Solution File, Format Version 12.00
# Visual Studio Version 17
VisualStudioVersion = 17.5.002.0
MinimumVisualStudioVersion = 10.0.40219.1
Project("{9A19103F-16F7-4668-BE54-9A1E7A4F7556}") = "ActionTest", "ActionTest.csproj", "{8BF61D30-F64B-4895-8721-917D199B97CC}"
EndProject
Global
	GlobalSection(SolutionConfigurationPlatforms) = preSolution
		Debug|Any CPU = Debug|Any CPU
		Release|Any CPU = Release|Any CPU
	EndGlobalSection
	GlobalSection(ProjectConfigurationPlatforms) = postSolution
		{8BF61D30-F64B-4895-8721-917D199B97CC}.Debug|Any CPU.ActiveCfg = Debug|Any CPU
		{8BF61D30-F64B-4895-8721-917D199B97CC}.Debug|Any CPU.Build.0 = Debug|Any CPU
		{8BF61D30-F64B-4895-8721-917D199B97CC}.Release|Any CPU.ActiveCfg = Release|Any CPU
		{8BF61D30-F64B-4895-8721-917D199B97CC}.Release|Any CPU.Build.0 = Release|Any CPU
	EndGlobalSection
	GlobalSection(SolutionProperties) = preSolution
		HideSolutionNode = FALSE
	EndGlobalSection
	GlobalSection(ExtensibilityGlobals) = postSolution
		SolutionGuid = {B9652060-03D6-4F44-8319-CA68ACE7A864}
	EndGlobalSection
EndGlobal
